
Microsoft Visual Studio Solution File, Format Version 12.00
# Visual Studio Version 16
VisualStudioVersion = 16.0.30114.105
MinimumVisualStudioVersion = 10.0.40219.1
Project("{2150E333-8FDC-42A3-9474-1A3956D46DE8}") = "src", "src", "{234E71EA-8B18-456F-B4D5-683BC11BB220}"
EndProject
Project("{FAE04EC0-301F-11D3-BF4B-00C04F79EFBC}") = "GradeBook", "src\GradeBook\GradeBook.csproj", "{25CAD9BD-F29A-431C-85CF-A9FFC9A3F163}"
EndProject
Project("{2150E333-8FDC-42A3-9474-1A3956D46DE8}") = "test", "test", "{8209EBB1-3E96-40A0-A94B-23EB0D96F429}"
EndProject
Project("{FAE04EC0-301F-11D3-BF4B-00C04F79EFBC}") = "GradeBook.Test", "test\GradeBook.Test\GradeBook.Test.csproj", "{EAE1CBBB-30E6-4DE6-A7A7-C95CD21841C4}"
EndProject
Global
	GlobalSection(SolutionConfigurationPlatforms) = preSolution
		Debug|Any CPU = Debug|Any CPU
		Debug|x64 = Debug|x64
		Debug|x86 = Debug|x86
		Release|Any CPU = Release|Any CPU
		Release|x64 = Release|x64
		Release|x86 = Release|x86
	EndGlobalSection
	GlobalSection(SolutionProperties) = preSolution
		HideSolutionNode = FALSE
	EndGlobalSection
	GlobalSection(ProjectConfigurationPlatforms) = postSolution
		{25CAD9BD-F29A-431C-85CF-A9FFC9A3F163}.Debug|Any CPU.ActiveCfg = Debug|Any CPU
		{25CAD9BD-F29A-431C-85CF-A9FFC9A3F163}.Debug|Any CPU.Build.0 = Debug|Any CPU
		{25CAD9BD-F29A-431C-85CF-A9FFC9A3F163}.Debug|x64.ActiveCfg = Debug|Any CPU
		{25CAD9BD-F29A-431C-85CF-A9FFC9A3F163}.Debug|x64.Build.0 = Debug|Any CPU
		{25CAD9BD-F29A-431C-85CF-A9FFC9A3F163}.Debug|x86.ActiveCfg = Debug|Any CPU
		{25CAD9BD-F29A-431C-85CF-A9FFC9A3F163}.Debug|x86.Build.0 = Debug|Any CPU
		{25CAD9BD-F29A-431C-85CF-A9FFC9A3F163}.Release|Any CPU.ActiveCfg = Release|Any CPU
		{25CAD9BD-F29A-431C-85CF-A9FFC9A3F163}.Release|Any CPU.Build.0 = Release|Any CPU
		{25CAD9BD-F29A-431C-85CF-A9FFC9A3F163}.Release|x64.ActiveCfg = Release|Any CPU
		{25CAD9BD-F29A-431C-85CF-A9FFC9A3F163}.Release|x64.Build.0 = Release|Any CPU
		{25CAD9BD-F29A-431C-85CF-A9FFC9A3F163}.Release|x86.ActiveCfg = Release|Any CPU
		{25CAD9BD-F29A-431C-85CF-A9FFC9A3F163}.Release|x86.Build.0 = Release|Any CPU
		{EAE1CBBB-30E6-4DE6-A7A7-C95CD21841C4}.Debug|Any CPU.ActiveCfg = Debug|Any CPU
		{EAE1CBBB-30E6-4DE6-A7A7-C95CD21841C4}.Debug|Any CPU.Build.0 = Debug|Any CPU
		{EAE1CBBB-30E6-4DE6-A7A7-C95CD21841C4}.Debug|x64.ActiveCfg = Debug|Any CPU
		{EAE1CBBB-30E6-4DE6-A7A7-C95CD21841C4}.Debug|x64.Build.0 = Debug|Any CPU
		{EAE1CBBB-30E6-4DE6-A7A7-C95CD21841C4}.Debug|x86.ActiveCfg = Debug|Any CPU
		{EAE1CBBB-30E6-4DE6-A7A7-C95CD21841C4}.Debug|x86.Build.0 = Debug|Any CPU
		{EAE1CBBB-30E6-4DE6-A7A7-C95CD21841C4}.Release|Any CPU.ActiveCfg = Release|Any CPU
		{EAE1CBBB-30E6-4DE6-A7A7-C95CD21841C4}.Release|Any CPU.Build.0 = Release|Any CPU
		{EAE1CBBB-30E6-4DE6-A7A7-C95CD21841C4}.Release|x64.ActiveCfg = Release|Any CPU
		{EAE1CBBB-30E6-4DE6-A7A7-C95CD21841C4}.Release|x64.Build.0 = Release|Any CPU
		{EAE1CBBB-30E6-4DE6-A7A7-C95CD21841C4}.Release|x86.ActiveCfg = Release|Any CPU
		{EAE1CBBB-30E6-4DE6-A7A7-C95CD21841C4}.Release|x86.Build.0 = Release|Any CPU
	EndGlobalSection
	GlobalSection(NestedProjects) = preSolution
		{25CAD9BD-F29A-431C-85CF-A9FFC9A3F163} = {234E71EA-8B18-456F-B4D5-683BC11BB220}
		{EAE1CBBB-30E6-4DE6-A7A7-C95CD21841C4} = {8209EBB1-3E96-40A0-A94B-23EB0D96F429}
	EndGlobalSection
EndGlobal
